
Microsoft Visual Studio Solution File, Format Version 12.00
# Visual Studio 2013
VisualStudioVersion = 12.0.31101.0
MinimumVisualStudioVersion = 10.0.40219.1
Project("{8BC9CEB8-8B4A-11D0-8D11-00A0C91BC942}") = "NESEmu", "NESEmu\NESEmu.vcxproj", "{0CF76D83-96F4-41DB-B19F-FD9DF4B8DF60}"
EndProject
Global
	GlobalSection(SolutionConfigurationPlatforms) = preSolution
		Debug|Win32 = Debug|Win32
		Debug|x64 = Debug|x64
		Release|Win32 = Release|Win32
		Release|x64 = Release|x64
	EndGlobalSection
	GlobalSection(ProjectConfigurationPlatforms) = postSolution
		{0CF76D83-96F4-41DB-B19F-FD9DF4B8DF60}.Debug|Win32.ActiveCfg = Debug|Win32
		{0CF76D83-96F4-41DB-B19F-FD9DF4B8DF60}.Debug|Win32.Build.0 = Debug|Win32
		{0CF76D83-96F4-41DB-B19F-FD9DF4B8DF60}.Debug|x64.ActiveCfg = Debug|x64
		{0CF76D83-96F4-41DB-B19F-FD9DF4B8DF60}.Debug|x64.Build.0 = Debug|x64
		{0CF76D83-96F4-41DB-B19F-FD9DF4B8DF60}.Release|Win32.ActiveCfg = Release|Win32
		{0CF76D83-96F4-41DB-B19F-FD9DF4B8DF60}.Release|Win32.Build.0 = Release|Win32
		{0CF76D83-96F4-41DB-B19F-FD9DF4B8DF60}.Release|x64.ActiveCfg = Release|x64
		{0CF76D83-96F4-41DB-B19F-FD9DF4B8DF60}.Release|x64.Build.0 = Release|x64
	EndGlobalSection
	GlobalSection(SolutionProperties) = preSolution
		HideSolutionNode = FALSE
	EndGlobalSection
EndGlobal
